// !$*UTF8*$!
{
	archiveVersion = 1;
	classes = {
	};
	objectVersion = 56;
	objects = {

/* Begin PBXBuildFile section */
		892136C92C77E0E70047F756 /* ClothingItem.swift in Sources */ = {isa = PBXBuildFile; fileRef = 892136C82C77E0E70047F756 /* ClothingItem.swift */; };
		899A3FD62C7408B4001C6BA8 /* ClothingFormView.swift in Sources */ = {isa = PBXBuildFile; fileRef = 899A3FD52C7408B4001C6BA8 /* ClothingFormView.swift */; };
		89AD79312B9AEA10002E0CE9 /* Fit_PickApp.swift in Sources */ = {isa = PBXBuildFile; fileRef = 89AD79302B9AEA10002E0CE9 /* Fit_PickApp.swift */; };
		89AD79332B9AEA10002E0CE9 /* ContentView.swift in Sources */ = {isa = PBXBuildFile; fileRef = 89AD79322B9AEA10002E0CE9 /* ContentView.swift */; };
		89AD79352B9AEA11002E0CE9 /* Assets.xcassets in Resources */ = {isa = PBXBuildFile; fileRef = 89AD79342B9AEA11002E0CE9 /* Assets.xcassets */; };
		89AD79382B9AEA11002E0CE9 /* Preview Assets.xcassets in Resources */ = {isa = PBXBuildFile; fileRef = 89AD79372B9AEA11002E0CE9 /* Preview Assets.xcassets */; };
		89AD793F2B9AEBD3002E0CE9 /* GeneratorView.swift in Sources */ = {isa = PBXBuildFile; fileRef = 89AD793E2B9AEBD3002E0CE9 /* GeneratorView.swift */; };
		89AD79412B9AEC00002E0CE9 /* WardrobeView.swift in Sources */ = {isa = PBXBuildFile; fileRef = 89AD79402B9AEC00002E0CE9 /* WardrobeView.swift */; };
/* End PBXBuildFile section */

/* Begin PBXFileReference section */
		892136C82C77E0E70047F756 /* ClothingItem.swift */ = {isa = PBXFileReference; lastKnownFileType = sourcecode.swift; path = ClothingItem.swift; sourceTree = "<group>"; };
		899A3FD52C7408B4001C6BA8 /* ClothingFormView.swift */ = {isa = PBXFileReference; lastKnownFileType = sourcecode.swift; path = ClothingFormView.swift; sourceTree = "<group>"; };
		89AD792D2B9AEA10002E0CE9 /* Fit Pick.app */ = {isa = PBXFileReference; explicitFileType = wrapper.application; includeInIndex = 0; path = "Fit Pick.app"; sourceTree = BUILT_PRODUCTS_DIR; };
		89AD79302B9AEA10002E0CE9 /* Fit_PickApp.swift */ = {isa = PBXFileReference; lastKnownFileType = sourcecode.swift; path = Fit_PickApp.swift; sourceTree = "<group>"; };
		89AD79322B9AEA10002E0CE9 /* ContentView.swift */ = {isa = PBXFileReference; lastKnownFileType = sourcecode.swift; path = ContentView.swift; sourceTree = "<group>"; };
		89AD79342B9AEA11002E0CE9 /* Assets.xcassets */ = {isa = PBXFileReference; lastKnownFileType = folder.assetcatalog; path = Assets.xcassets; sourceTree = "<group>"; };
		89AD79372B9AEA11002E0CE9 /* Preview Assets.xcassets */ = {isa = PBXFileReference; lastKnownFileType = folder.assetcatalog; path = "Preview Assets.xcassets"; sourceTree = "<group>"; };
		89AD793E2B9AEBD3002E0CE9 /* GeneratorView.swift */ = {isa = PBXFileReference; lastKnownFileType = sourcecode.swift; path = GeneratorView.swift; sourceTree = "<group>"; };
		89AD79402B9AEC00002E0CE9 /* WardrobeView.swift */ = {isa = PBXFileReference; lastKnownFileType = sourcecode.swift; path = WardrobeView.swift; sourceTree = "<group>"; };
/* End PBXFileReference section */

/* Begin PBXFrameworksBuildPhase section */
		89AD792A2B9AEA10002E0CE9 /* Frameworks */ = {
			isa = PBXFrameworksBuildPhase;
			buildActionMask = 2147483647;
			files = (
			);
			runOnlyForDeploymentPostprocessing = 0;
		};
/* End PBXFrameworksBuildPhase section */

/* Begin PBXGroup section */
		89AD79242B9AEA10002E0CE9 = {
			isa = PBXGroup;
			children = (
				89AD792F2B9AEA10002E0CE9 /* Fit Pick */,
				89AD792E2B9AEA10002E0CE9 /* Products */,
			);
			sourceTree = "<group>";
		};
		89AD792E2B9AEA10002E0CE9 /* Products */ = {
			isa = PBXGroup;
			children = (
				89AD792D2B9AEA10002E0CE9 /* Fit Pick.app */,
			);
			name = Products;
			sourceTree = "<group>";
		};
		89AD792F2B9AEA10002E0CE9 /* Fit Pick */ = {
			isa = PBXGroup;
			children = (
				89AD79302B9AEA10002E0CE9 /* Fit_PickApp.swift */,
				89AD79322B9AEA10002E0CE9 /* ContentView.swift */,
				89AD793E2B9AEBD3002E0CE9 /* GeneratorView.swift */,
				899A3FD52C7408B4001C6BA8 /* ClothingFormView.swift */,
				89AD79402B9AEC00002E0CE9 /* WardrobeView.swift */,
				892136C82C77E0E70047F756 /* ClothingItem.swift */,
				89AD79342B9AEA11002E0CE9 /* Assets.xcassets */,
				89AD79362B9AEA11002E0CE9 /* Preview Content */,
			);
			path = "Fit Pick";
			sourceTree = "<group>";
		};
		89AD79362B9AEA11002E0CE9 /* Preview Content */ = {
			isa = PBXGroup;
			children = (
				89AD79372B9AEA11002E0CE9 /* Preview Assets.xcassets */,
			);
			path = "Preview Content";
			sourceTree = "<group>";
		};
/* End PBXGroup section */

/* Begin PBXNativeTarget section */
		89AD792C2B9AEA10002E0CE9 /* Fit Pick */ = {
			isa = PBXNativeTarget;
			buildConfigurationList = 89AD793B2B9AEA11002E0CE9 /* Build configuration list for PBXNativeTarget "Fit Pick" */;
			buildPhases = (
				89AD79292B9AEA10002E0CE9 /* Sources */,
				89AD792A2B9AEA10002E0CE9 /* Frameworks */,
				89AD792B2B9AEA10002E0CE9 /* Resources */,
			);
			buildRules = (
			);
			dependencies = (
			);
			name = "Fit Pick";
			productName = "Fit Pick";
			productReference = 89AD792D2B9AEA10002E0CE9 /* Fit Pick.app */;
			productType = "com.apple.product-type.application";
		};
/* End PBXNativeTarget section */

/* Begin PBXProject section */
		89AD79252B9AEA10002E0CE9 /* Project object */ = {
			isa = PBXProject;
			attributes = {
				BuildIndependentTargetsInParallel = 1;
				LastSwiftUpdateCheck = 1520;
				LastUpgradeCheck = 1520;
				TargetAttributes = {
					89AD792C2B9AEA10002E0CE9 = {
						CreatedOnToolsVersion = 15.2;
					};
				};
			};
			buildConfigurationList = 89AD79282B9AEA10002E0CE9 /* Build configuration list for PBXProject "Fit Pick" */;
			compatibilityVersion = "Xcode 14.0";
			developmentRegion = en;
			hasScannedForEncodings = 0;
			knownRegions = (
				en,
				Base,
			);
			mainGroup = 89AD79242B9AEA10002E0CE9;
			productRefGroup = 89AD792E2B9AEA10002E0CE9 /* Products */;
			projectDirPath = "";
			projectRoot = "";
			targets = (
				89AD792C2B9AEA10002E0CE9 /* Fit Pick */,
			);
		};
/* End PBXProject section */

/* Begin PBXResourcesBuildPhase section */
		89AD792B2B9AEA10002E0CE9 /* Resources */ = {
			isa = PBXResourcesBuildPhase;
			buildActionMask = 2147483647;
			files = (
				89AD79382B9AEA11002E0CE9 /* Preview Assets.xcassets in Resources */,
				89AD79352B9AEA11002E0CE9 /* Assets.xcassets in Resources */,
			);
			runOnlyForDeploymentPostprocessing = 0;
		};
/* End PBXResourcesBuildPhase section */

/* Begin PBXSourcesBuildPhase section */
		89AD79292B9AEA10002E0CE9 /* Sources */ = {
			isa = PBXSourcesBuildPhase;
			buildActionMask = 2147483647;
			files = (
				892136C92C77E0E70047F756 /* ClothingItem.swift in Sources */,
				899A3FD62C7408B4001C6BA8 /* ClothingFormView.swift in Sources */,
				89AD793F2B9AEBD3002E0CE9 /* GeneratorView.swift in Sources */,
				89AD79332B9AEA10002E0CE9 /* ContentView.swift in Sources */,
				89AD79412B9AEC00002E0CE9 /* WardrobeView.swift in Sources */,
				89AD79312B9AEA10002E0CE9 /* Fit_PickApp.swift in Sources */,
			);
			runOnlyForDeploymentPostprocessing = 0;
		};
/* End PBXSourcesBuildPhase section */

/* Begin XCBuildConfiguration section */
		89AD79392B9AEA11002E0CE9 /* Debug */ = {
			isa = XCBuildConfiguration;
			buildSettings = {
				ALWAYS_SEARCH_USER_PATHS = NO;
				ASSETCATALOG_COMPILER_GENERATE_SWIFT_ASSET_SYMBOL_EXTENSIONS = YES;
				CLANG_ANALYZER_NONNULL = YES;
				CLANG_ANALYZER_NUMBER_OBJECT_CONVERSION = YES_AGGRESSIVE;
				CLANG_CXX_LANGUAGE_STANDARD = "gnu++20";
				CLANG_ENABLE_MODULES = YES;
				CLANG_ENABLE_OBJC_ARC = YES;
				CLANG_ENABLE_OBJC_WEAK = YES;
				CLANG_WARN_BLOCK_CAPTURE_AUTORELEASING = YES;
				CLANG_WARN_BOOL_CONVERSION = YES;
				CLANG_WARN_COMMA = YES;
				CLANG_WARN_CONSTANT_CONVERSION = YES;
				CLANG_WARN_DEPRECATED_OBJC_IMPLEMENTATIONS = YES;
				CLANG_WARN_DIRECT_OBJC_ISA_USAGE = YES_ERROR;
				CLANG_WARN_DOCUMENTATION_COMMENTS = YES;
				CLANG_WARN_EMPTY_BODY = YES;
				CLANG_WARN_ENUM_CONVERSION = YES;
				CLANG_WARN_INFINITE_RECURSION = YES;
				CLANG_WARN_INT_CONVERSION = YES;
				CLANG_WARN_NON_LITERAL_NULL_CONVERSION = YES;
				CLANG_WARN_OBJC_IMPLICIT_RETAIN_SELF = YES;
				CLANG_WARN_OBJC_LITERAL_CONVERSION = YES;
				CLANG_WARN_OBJC_ROOT_CLASS = YES_ERROR;
				CLANG_WARN_QUOTED_INCLUDE_IN_FRAMEWORK_HEADER = YES;
				CLANG_WARN_RANGE_LOOP_ANALYSIS = YES;
				CLANG_WARN_STRICT_PROTOTYPES = YES;
				CLANG_WARN_SUSPICIOUS_MOVE = YES;
				CLANG_WARN_UNGUARDED_AVAILABILITY = YES_AGGRESSIVE;
				CLANG_WARN_UNREACHABLE_CODE = YES;
				CLANG_WARN__DUPLICATE_METHOD_MATCH = YES;
				COPY_PHASE_STRIP = NO;
				DEBUG_INFORMATION_FORMAT = dwarf;
				ENABLE_STRICT_OBJC_MSGSEND = YES;
				ENABLE_TESTABILITY = YES;
				ENABLE_USER_SCRIPT_SANDBOXING = YES;
				GCC_C_LANGUAGE_STANDARD = gnu17;
				GCC_DYNAMIC_NO_PIC = NO;
				GCC_NO_COMMON_BLOCKS = YES;
				GCC_OPTIMIZATION_LEVEL = 0;
				GCC_PREPROCESSOR_DEFINITIONS = (
					"DEBUG=1",
					"$(inherited)",
				);
				GCC_WARN_64_TO_32_BIT_CONVERSION = YES;
				GCC_WARN_ABOUT_RETURN_TYPE = YES_ERROR;
				GCC_WARN_UNDECLARED_SELECTOR = YES;
				GCC_WARN_UNINITIALIZED_AUTOS = YES_AGGRESSIVE;
				GCC_WARN_UNUSED_FUNCTION = YES;
				GCC_WARN_UNUSED_VARIABLE = YES;
				IPHONEOS_DEPLOYMENT_TARGET = 17.2;
				LOCALIZATION_PREFERS_STRING_CATALOGS = YES;
				MTL_ENABLE_DEBUG_INFO = INCLUDE_SOURCE;
				MTL_FAST_MATH = YES;
				ONLY_ACTIVE_ARCH = YES;
				SDKROOT = iphoneos;
				SWIFT_ACTIVE_COMPILATION_CONDITIONS = "DEBUG $(inherited)";
				SWIFT_OPTIMIZATION_LEVEL = "-Onone";
			};
			name = Debug;
		};
		89AD793A2B9AEA11002E0CE9 /* Release */ = {
			isa = XCBuildConfiguration;
			buildSettings = {
				ALWAYS_SEARCH_USER_PATHS = NO;
				ASSETCATALOG_COMPILER_GENERATE_SWIFT_ASSET_SYMBOL_EXTENSIONS = YES;
				CLANG_ANALYZER_NONNULL = YES;
				CLANG_ANALYZER_NUMBER_OBJECT_CONVERSION = YES_AGGRESSIVE;
				CLANG_CXX_LANGUAGE_STANDARD = "gnu++20";
				CLANG_ENABLE_MODULES = YES;
				CLANG_ENABLE_OBJC_ARC = YES;
				CLANG_ENABLE_OBJC_WEAK = YES;
				CLANG_WARN_BLOCK_CAPTURE_AUTORELEASING = YES;
				CLANG_WARN_BOOL_CONVERSION = YES;
				CLANG_WARN_COMMA = YES;
				CLANG_WARN_CONSTANT_CONVERSION = YES;
				CLANG_WARN_DEPRECATED_OBJC_IMPLEMENTATIONS = YES;
				CLANG_WARN_DIRECT_OBJC_ISA_USAGE = YES_ERROR;
				CLANG_WARN_DOCUMENTATION_COMMENTS = YES;
				CLANG_WARN_EMPTY_BODY = YES;
				CLANG_WARN_ENUM_CONVERSION = YES;
				CLANG_WARN_INFINITE_RECURSION = YES;
				CLANG_WARN_INT_CONVERSION = YES;
				CLANG_WARN_NON_LITERAL_NULL_CONVERSION = YES;
				CLANG_WARN_OBJC_IMPLICIT_RETAIN_SELF = YES;
				CLANG_WARN_OBJC_LITERAL_CONVERSION = YES;
				CLANG_WARN_OBJC_ROOT_CLASS = YES_ERROR;
				CLANG_WARN_QUOTED_INCLUDE_IN_FRAMEWORK_HEADER = YES;
				CLANG_WARN_RANGE_LOOP_ANALYSIS = YES;
				CLANG_WARN_STRICT_PROTOTYPES = YES;
				CLANG_WARN_SUSPICIOUS_MOVE = YES;
				CLANG_WARN_UNGUARDED_AVAILABILITY = YES_AGGRESSIVE;
				CLANG_WARN_UNREACHABLE_CODE = YES;
				CLANG_WARN__DUPLICATE_METHOD_MATCH = YES;
				COPY_PHASE_STRIP = NO;
				DEBUG_INFORMATION_FORMAT = "dwarf-with-dsym";
				ENABLE_NS_ASSERTIONS = NO;
				ENABLE_STRICT_OBJC_MSGSEND = YES;
				ENABLE_USER_SCRIPT_SANDBOXING = YES;
				GCC_C_LANGUAGE_STANDARD = gnu17;
				GCC_NO_COMMON_BLOCKS = YES;
				GCC_WARN_64_TO_32_BIT_CONVERSION = YES;
				GCC_WARN_ABOUT_RETURN_TYPE = YES_ERROR;
				GCC_WARN_UNDECLARED_SELECTOR = YES;
				GCC_WARN_UNINITIALIZED_AUTOS = YES_AGGRESSIVE;
				GCC_WARN_UNUSED_FUNCTION = YES;
				GCC_WARN_UNUSED_VARIABLE = YES;
				IPHONEOS_DEPLOYMENT_TARGET = 17.2;
				LOCALIZATION_PREFERS_STRING_CATALOGS = YES;
				MTL_ENABLE_DEBUG_INFO = NO;
				MTL_FAST_MATH = YES;
				SDKROOT = iphoneos;
				SWIFT_COMPILATION_MODE = wholemodule;
				VALIDATE_PRODUCT = YES;
			};
			name = Release;
		};
		89AD793C2B9AEA11002E0CE9 /* Debug */ = {
			isa = XCBuildConfiguration;
			buildSettings = {
				ASSETCATALOG_COMPILER_APPICON_NAME = AppIcon;
				ASSETCATALOG_COMPILER_GLOBAL_ACCENT_COLOR_NAME = AccentColor;
				CODE_SIGN_STYLE = Automatic;
				CURRENT_PROJECT_VERSION = 1;
				DEVELOPMENT_ASSET_PATHS = "\"Fit Pick/Preview Content\"";
				DEVELOPMENT_TEAM = YB9ZA9T3TC;
				ENABLE_PREVIEWS = YES;
				GENERATE_INFOPLIST_FILE = YES;
				INFOPLIST_KEY_UIApplicationSceneManifest_Generation = YES;
				INFOPLIST_KEY_UIApplicationSupportsIndirectInputEvents = YES;
				INFOPLIST_KEY_UILaunchScreen_Generation = YES;
				INFOPLIST_KEY_UISupportedInterfaceOrientations_iPad = "UIInterfaceOrientationPortrait UIInterfaceOrientationPortraitUpsideDown UIInterfaceOrientationLandscapeLeft UIInterfaceOrientationLandscapeRight";
				INFOPLIST_KEY_UISupportedInterfaceOrientations_iPhone = "UIInterfaceOrientationPortrait UIInterfaceOrientationLandscapeLeft UIInterfaceOrientationLandscapeRight";
				LD_RUNPATH_SEARCH_PATHS = (
					"$(inherited)",
					"@executable_path/Frameworks",
				);
				MARKETING_VERSION = 1.0;
				PRODUCT_BUNDLE_IDENTIFIER = "com.kieranjoshi.Fit-Pick";
				PRODUCT_NAME = "$(TARGET_NAME)";
				SWIFT_EMIT_LOC_STRINGS = YES;
				SWIFT_VERSION = 5.0;
				TARGETED_DEVICE_FAMILY = "1,2";
			};
			name = Debug;
		};
		89AD793D2B9AEA11002E0CE9 /* Release */ = {
			isa = XCBuildConfiguration;
			buildSettings = {
				ASSETCATALOG_COMPILER_APPICON_NAME = AppIcon;
				ASSETCATALOG_COMPILER_GLOBAL_ACCENT_COLOR_NAME = AccentColor;
				CODE_SIGN_STYLE = Automatic;
				CURRENT_PROJECT_VERSION = 1;
				DEVELOPMENT_ASSET_PATHS = "\"Fit Pick/Preview Content\"";
				DEVELOPMENT_TEAM = YB9ZA9T3TC;
				ENABLE_PREVIEWS = YES;
				GENERATE_INFOPLIST_FILE = YES;
				INFOPLIST_KEY_UIApplicationSceneManifest_Generation = YES;
				INFOPLIST_KEY_UIApplicationSupportsIndirectInputEvents = YES;
				INFOPLIST_KEY_UILaunchScreen_Generation = YES;
				INFOPLIST_KEY_UISupportedInterfaceOrientations_iPad = "UIInterfaceOrientationPortrait UIInterfaceOrientationPortraitUpsideDown UIInterfaceOrientationLandscapeLeft UIInterfaceOrientationLandscapeRight";
				INFOPLIST_KEY_UISupportedInterfaceOrientations_iPhone = "UIInterfaceOrientationPortrait UIInterfaceOrientationLandscapeLeft UIInterfaceOrientationLandscapeRight";
				LD_RUNPATH_SEARCH_PATHS = (
					"$(inherited)",
					"@executable_path/Frameworks",
				);
				MARKETING_VERSION = 1.0;
				PRODUCT_BUNDLE_IDENTIFIER = "com.kieranjoshi.Fit-Pick";
				PRODUCT_NAME = "$(TARGET_NAME)";
				SWIFT_EMIT_LOC_STRINGS = YES;
				SWIFT_VERSION = 5.0;
				TARGETED_DEVICE_FAMILY = "1,2";
			};
			name = Release;
		};
/* End XCBuildConfiguration section */

/* Begin XCConfigurationList section */
		89AD79282B9AEA10002E0CE9 /* Build configuration list for PBXProject "Fit Pick" */ = {
			isa = XCConfigurationList;
			buildConfigurations = (
				89AD79392B9AEA11002E0CE9 /* Debug */,
				89AD793A2B9AEA11002E0CE9 /* Release */,
			);
			defaultConfigurationIsVisible = 0;
			defaultConfigurationName = Release;
		};
		89AD793B2B9AEA11002E0CE9 /* Build configuration list for PBXNativeTarget "Fit Pick" */ = {
			isa = XCConfigurationList;
			buildConfigurations = (
				89AD793C2B9AEA11002E0CE9 /* Debug */,
				89AD793D2B9AEA11002E0CE9 /* Release */,
			);
			defaultConfigurationIsVisible = 0;
			defaultConfigurationName = Release;
		};
/* End XCConfigurationList section */
	};
	rootObject = 89AD79252B9AEA10002E0CE9 /* Project object */;
}
